# This file is automatically @generated by Cargo.
# It is not intended for manual editing.
version = 4

[[package]]
name = "defiance-api"
version = "0.1.0"

[[package]]
name = "defiance-build-support"
version = "0.1.0"

[[package]]
name = "defiance-core"
version = "0.1.0"

[[package]]
name = "defiance-feature-sdk"
version = "0.1.0"
dependencies = [
 "defiance-api",
]

[[package]]
name = "defiance-loader"
version = "0.1.1"
dependencies = [
 "defiance-api",
 "defiance-build-support",
 "defiance-core",
]

[[package]]
name = "defiance-pickup-inject"
version = "0.1.0"
dependencies = [
 "defiance-build-support",
 "defiance-core",
]

[[package]]
name = "defiance-plugin-ammunition"
version = "0.3.0"
dependencies = [
 "defiance-api",
 "defiance-build-support",
 "defiance-feature-sdk",
]

[[package]]
name = "defiance-plugin-attack"
version = "0.3.0"
dependencies = [
 "defiance-api",
 "defiance-build-support",
 "defiance-feature-sdk",
]

[[package]]
name = "defiance-plugin-core"
version = "0.1.0"
dependencies = [
 "defiance-api",
 "defiance-build-support",
 "defiance-core",
 "defiance-feature-sdk",
]

[[package]]
name = "defiance-plugin-diagnostics"
version = "0.3.0"
dependencies = [
 "defiance-api",
 "defiance-build-support",
 "defiance-feature-sdk",
]

[[package]]
name = "defiance-plugin-example"
version = "0.1.0"
dependencies = [
 "defiance-api",
 "defiance-build-support",
]

[[package]]
name = "defiance-plugin-firing"
version = "0.3.0"
dependencies = [
 "defiance-api",
 "defiance-build-support",
 "defiance-feature-sdk",
]

[[package]]
name = "defiance-plugin-garrison"
version = "0.3.0"
dependencies = [
 "defiance-api",
 "defiance-build-support",
 "defiance-feature-sdk",
]

[[package]]
name = "defiance-plugin-host-test"
version = "0.1.0"
dependencies = [
 "defiance-api",
 "defiance-core",
 "defiance-loader",
]

[[package]]
name = "defiance-plugin-movement"
version = "0.3.0"
dependencies = [
 "defiance-api",
 "defiance-build-support",
 "defiance-feature-sdk",
]

[[package]]
name = "defiance-plugin-pickup"
version = "0.3.0"
dependencies = [
 "defiance-api",
 "defiance-build-support",
 "defiance-feature-sdk",
]

[[package]]
name = "defiance-plugin-posture"
version = "0.3.0"
dependencies = [
 "defiance-api",
 "defiance-build-support",
 "defiance-feature-sdk",
]

[[package]]
name = "defiance-plugin-preview-weapon"
version = "0.1.0"
dependencies = [
 "defiance-api",
 "defiance-build-support",
 "defiance-feature-sdk",
]

[[package]]
name = "defiance-plugin-selection"
version = "0.3.0"
dependencies = [
 "defiance-api",
 "defiance-build-support",
 "defiance-feature-sdk",
]
