# This file is automatically @generated by Cargo.
# It is not intended for manual editing.
version = 4

[[package]]
name = "defiance-api"
version = "0.1.0"

[[package]]
name = "defiance-feature-sdk"
version = "0.1.0"
dependencies = [
 "defiance-api",
]

[[package]]
name = "example-counter-consumer"
version = "0.1.0"
dependencies = [
 "defiance-api",
 "defiance-feature-sdk",
 "example-counter-contract",
]

[[package]]
name = "example-counter-contract"
version = "0.1.0"

[[package]]
name = "example-counter-provider"
version = "0.1.0"
dependencies = [
 "defiance-api",
 "defiance-feature-sdk",
 "example-counter-contract",
]

[[package]]
name = "example-counter-watch"
version = "0.1.0"
dependencies = [
 "defiance-api",
 "defiance-feature-sdk",
 "example-counter-contract",
]
