# This file is automatically @generated by Cargo.
# It is not intended for manual editing.
version = 4

[[package]]
name = "defiance-api"
version = "0.1.0"

[[package]]
name = "defiance-build-support"
version = "0.1.0"

[[package]]
name = "defiance-core"
version = "0.1.0"

[[package]]
name = "defiance-feature-sdk"
version = "0.1.0"
dependencies = [
 "defiance-api",
]

[[package]]
name = "defiance-plugin-expanded-ammo-menu"
version = "0.3.0"
dependencies = [
 "defiance-api",
 "defiance-build-support",
 "defiance-core",
 "defiance-feature-sdk",
]
