# This file is automatically @generated by Cargo.
# It is not intended for manual editing.
version = 4

[[package]]
name = "defiance-api"
version = "0.1.0"

[[package]]
name = "defiance-crash-test-plugin"
version = "0.1.0"
dependencies = [
 "defiance-feature-sdk",
]

[[package]]
name = "defiance-feature-sdk"
version = "0.1.0"
dependencies = [
 "defiance-api",
]
